
Microsoft Visual Studio Solution File, Format Version 12.00
# Visual Studio 15
VisualStudioVersion = 15.0.26124.0
MinimumVisualStudioVersion = 15.0.26124.0
Project("{2150E333-8FDC-42A3-9474-1A3956D46DE8}") = "src", "src", "{1B5E4FBA-9E1A-4B48-BB83-A83B34DB1245}"
EndProject
Project("{FAE04EC0-301F-11D3-BF4B-00C04F79EFBC}") = "ModularDotNet.Core", "src\ModularDotNet.Core\ModularDotNet.Core.csproj", "{3DFEA404-A3E7-4967-AEDC-EF401EF3E21A}"
EndProject
Project("{2150E333-8FDC-42A3-9474-1A3956D46DE8}") = "test", "test", "{6180E163-BF81-4242-B36D-803FD278ABDB}"
EndProject
Project("{FAE04EC0-301F-11D3-BF4B-00C04F79EFBC}") = "ModularDotNet.Core.Tests", "test\ModularDotNet.Core.Tests\ModularDotNet.Core.Tests.csproj", "{DF3058D9-4C5C-4507-A565-035A395205BA}"
EndProject
Global
	GlobalSection(SolutionConfigurationPlatforms) = preSolution
		Debug|Any CPU = Debug|Any CPU
		Debug|x64 = Debug|x64
		Debug|x86 = Debug|x86
		Release|Any CPU = Release|Any CPU
		Release|x64 = Release|x64
		Release|x86 = Release|x86
	EndGlobalSection
	GlobalSection(SolutionProperties) = preSolution
		HideSolutionNode = FALSE
	EndGlobalSection
	GlobalSection(ProjectConfigurationPlatforms) = postSolution
		{3DFEA404-A3E7-4967-AEDC-EF401EF3E21A}.Debug|Any CPU.ActiveCfg = Debug|Any CPU
		{3DFEA404-A3E7-4967-AEDC-EF401EF3E21A}.Debug|Any CPU.Build.0 = Debug|Any CPU
		{3DFEA404-A3E7-4967-AEDC-EF401EF3E21A}.Debug|x64.ActiveCfg = Debug|Any CPU
		{3DFEA404-A3E7-4967-AEDC-EF401EF3E21A}.Debug|x64.Build.0 = Debug|Any CPU
		{3DFEA404-A3E7-4967-AEDC-EF401EF3E21A}.Debug|x86.ActiveCfg = Debug|Any CPU
		{3DFEA404-A3E7-4967-AEDC-EF401EF3E21A}.Debug|x86.Build.0 = Debug|Any CPU
		{3DFEA404-A3E7-4967-AEDC-EF401EF3E21A}.Release|Any CPU.ActiveCfg = Release|Any CPU
		{3DFEA404-A3E7-4967-AEDC-EF401EF3E21A}.Release|Any CPU.Build.0 = Release|Any CPU
		{3DFEA404-A3E7-4967-AEDC-EF401EF3E21A}.Release|x64.ActiveCfg = Release|Any CPU
		{3DFEA404-A3E7-4967-AEDC-EF401EF3E21A}.Release|x64.Build.0 = Release|Any CPU
		{3DFEA404-A3E7-4967-AEDC-EF401EF3E21A}.Release|x86.ActiveCfg = Release|Any CPU
		{3DFEA404-A3E7-4967-AEDC-EF401EF3E21A}.Release|x86.Build.0 = Release|Any CPU
		{DF3058D9-4C5C-4507-A565-035A395205BA}.Debug|Any CPU.ActiveCfg = Debug|Any CPU
		{DF3058D9-4C5C-4507-A565-035A395205BA}.Debug|Any CPU.Build.0 = Debug|Any CPU
		{DF3058D9-4C5C-4507-A565-035A395205BA}.Debug|x64.ActiveCfg = Debug|Any CPU
		{DF3058D9-4C5C-4507-A565-035A395205BA}.Debug|x64.Build.0 = Debug|Any CPU
		{DF3058D9-4C5C-4507-A565-035A395205BA}.Debug|x86.ActiveCfg = Debug|Any CPU
		{DF3058D9-4C5C-4507-A565-035A395205BA}.Debug|x86.Build.0 = Debug|Any CPU
		{DF3058D9-4C5C-4507-A565-035A395205BA}.Release|Any CPU.ActiveCfg = Release|Any CPU
		{DF3058D9-4C5C-4507-A565-035A395205BA}.Release|Any CPU.Build.0 = Release|Any CPU
		{DF3058D9-4C5C-4507-A565-035A395205BA}.Release|x64.ActiveCfg = Release|Any CPU
		{DF3058D9-4C5C-4507-A565-035A395205BA}.Release|x64.Build.0 = Release|Any CPU
		{DF3058D9-4C5C-4507-A565-035A395205BA}.Release|x86.ActiveCfg = Release|Any CPU
		{DF3058D9-4C5C-4507-A565-035A395205BA}.Release|x86.Build.0 = Release|Any CPU
	EndGlobalSection
	GlobalSection(NestedProjects) = preSolution
		{3DFEA404-A3E7-4967-AEDC-EF401EF3E21A} = {1B5E4FBA-9E1A-4B48-BB83-A83B34DB1245}
		{DF3058D9-4C5C-4507-A565-035A395205BA} = {6180E163-BF81-4242-B36D-803FD278ABDB}
	EndGlobalSection
EndGlobal
